// !$*UTF8*$!
{
	archiveVersion = 1;
	classes = {
	};
	objectVersion = 48;
	objects = {

/* Begin PBXBuildFile section */
		FA24FEFB2046862A00C7EEC9 /* UnitViewController.swift in Sources */ = {isa = PBXBuildFile; fileRef = FA24FEFA2046862A00C7EEC9 /* UnitViewController.swift */; };
		FA24FEFD20468BD400C7EEC9 /* UnitEnum.swift in Sources */ = {isa = PBXBuildFile; fileRef = FA24FEFC20468BD400C7EEC9 /* UnitEnum.swift */; };
		FA8AD1D42044FFC8009F8F17 /* ConversionViewController.swift in Sources */ = {isa = PBXBuildFile; fileRef = FA8AD1D32044FFC7009F8F17 /* ConversionViewController.swift */; };
		FA8AD1D6204545C3009F8F17 /* ConversionCollectionCell.swift in Sources */ = {isa = PBXBuildFile; fileRef = FA8AD1D5204545C3009F8F17 /* ConversionCollectionCell.swift */; };
		FAA0025A20421AAB00CE6FA7 /* AppDelegate.swift in Sources */ = {isa = PBXBuildFile; fileRef = FAA0025920421AAB00CE6FA7 /* AppDelegate.swift */; };
		FAA0025C20421AAB00CE6FA7 /* TipViewController.swift in Sources */ = {isa = PBXBuildFile; fileRef = FAA0025B20421AAB00CE6FA7 /* TipViewController.swift */; };
		FAA0025E20421AAB00CE6FA7 /* DiscountViewController.swift in Sources */ = {isa = PBXBuildFile; fileRef = FAA0025D20421AAB00CE6FA7 /* DiscountViewController.swift */; };
		FAA0026120421AAB00CE6FA7 /* Main.storyboard in Resources */ = {isa = PBXBuildFile; fileRef = FAA0025F20421AAB00CE6FA7 /* Main.storyboard */; };
		FAA0026320421AAB00CE6FA7 /* Assets.xcassets in Resources */ = {isa = PBXBuildFile; fileRef = FAA0026220421AAB00CE6FA7 /* Assets.xcassets */; };
		FAA0026620421AAB00CE6FA7 /* LaunchScreen.storyboard in Resources */ = {isa = PBXBuildFile; fileRef = FAA0026420421AAB00CE6FA7 /* LaunchScreen.storyboard */; };
		FAA46BA92045476A0060659A /* ConversionUnit.swift in Sources */ = {isa = PBXBuildFile; fileRef = FAA46BA82045476A0060659A /* ConversionUnit.swift */; };
		FAA46BAB20454A150060659A /* ConversionManager.swift in Sources */ = {isa = PBXBuildFile; fileRef = FAA46BAA20454A150060659A /* ConversionManager.swift */; };
/* End PBXBuildFile section */

/* Begin PBXFileReference section */
		FA24FEFA2046862A00C7EEC9 /* UnitViewController.swift */ = {isa = PBXFileReference; lastKnownFileType = sourcecode.swift; path = UnitViewController.swift; sourceTree = "<group>"; };
		FA24FEFC20468BD400C7EEC9 /* UnitEnum.swift */ = {isa = PBXFileReference; lastKnownFileType = sourcecode.swift; path = UnitEnum.swift; sourceTree = "<group>"; };
		FA8AD1D32044FFC7009F8F17 /* ConversionViewController.swift */ = {isa = PBXFileReference; lastKnownFileType = sourcecode.swift; path = ConversionViewController.swift; sourceTree = "<group>"; };
		FA8AD1D5204545C3009F8F17 /* ConversionCollectionCell.swift */ = {isa = PBXFileReference; lastKnownFileType = sourcecode.swift; path = ConversionCollectionCell.swift; sourceTree = "<group>"; };
		FAA0025620421AAB00CE6FA7 /* Toolkit.app */ = {isa = PBXFileReference; explicitFileType = wrapper.application; includeInIndex = 0; path = Toolkit.app; sourceTree = BUILT_PRODUCTS_DIR; };
		FAA0025920421AAB00CE6FA7 /* AppDelegate.swift */ = {isa = PBXFileReference; lastKnownFileType = sourcecode.swift; path = AppDelegate.swift; sourceTree = "<group>"; };
		FAA0025B20421AAB00CE6FA7 /* TipViewController.swift */ = {isa = PBXFileReference; lastKnownFileType = sourcecode.swift; path = TipViewController.swift; sourceTree = "<group>"; };
		FAA0025D20421AAB00CE6FA7 /* DiscountViewController.swift */ = {isa = PBXFileReference; lastKnownFileType = sourcecode.swift; path = DiscountViewController.swift; sourceTree = "<group>"; };
		FAA0026020421AAB00CE6FA7 /* Base */ = {isa = PBXFileReference; lastKnownFileType = file.storyboard; name = Base; path = Base.lproj/Main.storyboard; sourceTree = "<group>"; };
		FAA0026220421AAB00CE6FA7 /* Assets.xcassets */ = {isa = PBXFileReference; lastKnownFileType = folder.assetcatalog; path = Assets.xcassets; sourceTree = "<group>"; };
		FAA0026520421AAB00CE6FA7 /* Base */ = {isa = PBXFileReference; lastKnownFileType = file.storyboard; name = Base; path = Base.lproj/LaunchScreen.storyboard; sourceTree = "<group>"; };
		FAA0026720421AAB00CE6FA7 /* Info.plist */ = {isa = PBXFileReference; lastKnownFileType = text.plist.xml; path = Info.plist; sourceTree = "<group>"; };
		FAA46BA82045476A0060659A /* ConversionUnit.swift */ = {isa = PBXFileReference; lastKnownFileType = sourcecode.swift; path = ConversionUnit.swift; sourceTree = "<group>"; };
		FAA46BAA20454A150060659A /* ConversionManager.swift */ = {isa = PBXFileReference; lastKnownFileType = sourcecode.swift; path = ConversionManager.swift; sourceTree = "<group>"; };
/* End PBXFileReference section */

/* Begin PBXFrameworksBuildPhase section */
		FAA0025320421AAB00CE6FA7 /* Frameworks */ = {
			isa = PBXFrameworksBuildPhase;
			buildActionMask = 2147483647;
			files = (
			);
			runOnlyForDeploymentPostprocessing = 0;
		};
/* End PBXFrameworksBuildPhase section */

/* Begin PBXGroup section */
		FA07C53E2043EDAC00C3A6B5 /* Discount */ = {
			isa = PBXGroup;
			children = (
				FAA0025D20421AAB00CE6FA7 /* DiscountViewController.swift */,
			);
			path = Discount;
			sourceTree = "<group>";
		};
		FA8AD1D22044FF8A009F8F17 /* Conversion */ = {
			isa = PBXGroup;
			children = (
				FAA46BA82045476A0060659A /* ConversionUnit.swift */,
				FAA46BAA20454A150060659A /* ConversionManager.swift */,
				FA8AD1D5204545C3009F8F17 /* ConversionCollectionCell.swift */,
				FA8AD1D32044FFC7009F8F17 /* ConversionViewController.swift */,
				FA24FEFA2046862A00C7EEC9 /* UnitViewController.swift */,
				FA24FEFC20468BD400C7EEC9 /* UnitEnum.swift */,
			);
			path = Conversion;
			sourceTree = "<group>";
		};
		FAA0024D20421AAB00CE6FA7 = {
			isa = PBXGroup;
			children = (
				FAA0025820421AAB00CE6FA7 /* Toolkit */,
				FAA0025720421AAB00CE6FA7 /* Products */,
			);
			sourceTree = "<group>";
		};
		FAA0025720421AAB00CE6FA7 /* Products */ = {
			isa = PBXGroup;
			children = (
				FAA0025620421AAB00CE6FA7 /* Toolkit.app */,
			);
			name = Products;
			sourceTree = "<group>";
		};
		FAA0025820421AAB00CE6FA7 /* Toolkit */ = {
			isa = PBXGroup;
			children = (
				FAC0C3CE20439D4A00ED761C /* Tip */,
				FA07C53E2043EDAC00C3A6B5 /* Discount */,
				FA8AD1D22044FF8A009F8F17 /* Conversion */,
				FAA0025920421AAB00CE6FA7 /* AppDelegate.swift */,
				FAA0025F20421AAB00CE6FA7 /* Main.storyboard */,
				FAA0026220421AAB00CE6FA7 /* Assets.xcassets */,
				FAA0026420421AAB00CE6FA7 /* LaunchScreen.storyboard */,
				FAA0026720421AAB00CE6FA7 /* Info.plist */,
			);
			path = Toolkit;
			sourceTree = "<group>";
		};
		FAC0C3CE20439D4A00ED761C /* Tip */ = {
			isa = PBXGroup;
			children = (
				FAA0025B20421AAB00CE6FA7 /* TipViewController.swift */,
			);
			path = Tip;
			sourceTree = "<group>";
		};
/* End PBXGroup section */

/* Begin PBXNativeTarget section */
		FAA0025520421AAB00CE6FA7 /* Toolkit */ = {
			isa = PBXNativeTarget;
			buildConfigurationList = FAA0026A20421AAB00CE6FA7 /* Build configuration list for PBXNativeTarget "Toolkit" */;
			buildPhases = (
				FAA0025220421AAB00CE6FA7 /* Sources */,
				FAA0025320421AAB00CE6FA7 /* Frameworks */,
				FAA0025420421AAB00CE6FA7 /* Resources */,
			);
			buildRules = (
			);
			dependencies = (
			);
			name = Toolkit;
			productName = Toolkit;
			productReference = FAA0025620421AAB00CE6FA7 /* Toolkit.app */;
			productType = "com.apple.product-type.application";
		};
/* End PBXNativeTarget section */

/* Begin PBXProject section */
		FAA0024E20421AAB00CE6FA7 /* Project object */ = {
			isa = PBXProject;
			attributes = {
				LastSwiftUpdateCheck = 0920;
				LastUpgradeCheck = 0920;
				ORGANIZATIONNAME = "Alex Mai";
				TargetAttributes = {
					FAA0025520421AAB00CE6FA7 = {
						CreatedOnToolsVersion = 9.2;
						ProvisioningStyle = Automatic;
					};
				};
			};
			buildConfigurationList = FAA0025120421AAB00CE6FA7 /* Build configuration list for PBXProject "Toolkit" */;
			compatibilityVersion = "Xcode 8.0";
			developmentRegion = en;
			hasScannedForEncodings = 0;
			knownRegions = (
				en,
				Base,
			);
			mainGroup = FAA0024D20421AAB00CE6FA7;
			productRefGroup = FAA0025720421AAB00CE6FA7 /* Products */;
			projectDirPath = "";
			projectRoot = "";
			targets = (
				FAA0025520421AAB00CE6FA7 /* Toolkit */,
			);
		};
/* End PBXProject section */

/* Begin PBXResourcesBuildPhase section */
		FAA0025420421AAB00CE6FA7 /* Resources */ = {
			isa = PBXResourcesBuildPhase;
			buildActionMask = 2147483647;
			files = (
				FAA0026620421AAB00CE6FA7 /* LaunchScreen.storyboard in Resources */,
				FAA0026320421AAB00CE6FA7 /* Assets.xcassets in Resources */,
				FAA0026120421AAB00CE6FA7 /* Main.storyboard in Resources */,
			);
			runOnlyForDeploymentPostprocessing = 0;
		};
/* End PBXResourcesBuildPhase section */

/* Begin PBXSourcesBuildPhase section */
		FAA0025220421AAB00CE6FA7 /* Sources */ = {
			isa = PBXSourcesBuildPhase;
			buildActionMask = 2147483647;
			files = (
				FAA0025E20421AAB00CE6FA7 /* DiscountViewController.swift in Sources */,
				FAA0025A20421AAB00CE6FA7 /* AppDelegate.swift in Sources */,
				FA24FEFB2046862A00C7EEC9 /* UnitViewController.swift in Sources */,
				FA8AD1D6204545C3009F8F17 /* ConversionCollectionCell.swift in Sources */,
				FA24FEFD20468BD400C7EEC9 /* UnitEnum.swift in Sources */,
				FAA46BA92045476A0060659A /* ConversionUnit.swift in Sources */,
				FAA46BAB20454A150060659A /* ConversionManager.swift in Sources */,
				FA8AD1D42044FFC8009F8F17 /* ConversionViewController.swift in Sources */,
				FAA0025C20421AAB00CE6FA7 /* TipViewController.swift in Sources */,
			);
			runOnlyForDeploymentPostprocessing = 0;
		};
/* End PBXSourcesBuildPhase section */

/* Begin PBXVariantGroup section */
		FAA0025F20421AAB00CE6FA7 /* Main.storyboard */ = {
			isa = PBXVariantGroup;
			children = (
				FAA0026020421AAB00CE6FA7 /* Base */,
			);
			name = Main.storyboard;
			sourceTree = "<group>";
		};
		FAA0026420421AAB00CE6FA7 /* LaunchScreen.storyboard */ = {
			isa = PBXVariantGroup;
			children = (
				FAA0026520421AAB00CE6FA7 /* Base */,
			);
			name = LaunchScreen.storyboard;
			sourceTree = "<group>";
		};
/* End PBXVariantGroup section */

/* Begin XCBuildConfiguration section */
		FAA0026820421AAB00CE6FA7 /* Debug */ = {
			isa = XCBuildConfiguration;
			buildSettings = {
				ALWAYS_SEARCH_USER_PATHS = NO;
				CLANG_ANALYZER_NONNULL = YES;
				CLANG_ANALYZER_NUMBER_OBJECT_CONVERSION = YES_AGGRESSIVE;
				CLANG_CXX_LANGUAGE_STANDARD = "gnu++14";
				CLANG_CXX_LIBRARY = "libc++";
				CLANG_ENABLE_MODULES = YES;
				CLANG_ENABLE_OBJC_ARC = YES;
				CLANG_WARN_BLOCK_CAPTURE_AUTORELEASING = YES;
				CLANG_WARN_BOOL_CONVERSION = YES;
				CLANG_WARN_COMMA = YES;
				CLANG_WARN_CONSTANT_CONVERSION = YES;
				CLANG_WARN_DIRECT_OBJC_ISA_USAGE = YES_ERROR;
				CLANG_WARN_DOCUMENTATION_COMMENTS = YES;
				CLANG_WARN_EMPTY_BODY = YES;
				CLANG_WARN_ENUM_CONVERSION = YES;
				CLANG_WARN_INFINITE_RECURSION = YES;
				CLANG_WARN_INT_CONVERSION = YES;
				CLANG_WARN_NON_LITERAL_NULL_CONVERSION = YES;
				CLANG_WARN_OBJC_LITERAL_CONVERSION = YES;
				CLANG_WARN_OBJC_ROOT_CLASS = YES_ERROR;
				CLANG_WARN_RANGE_LOOP_ANALYSIS = YES;
				CLANG_WARN_STRICT_PROTOTYPES = YES;
				CLANG_WARN_SUSPICIOUS_MOVE = YES;
				CLANG_WARN_UNGUARDED_AVAILABILITY = YES_AGGRESSIVE;
				CLANG_WARN_UNREACHABLE_CODE = YES;
				CLANG_WARN__DUPLICATE_METHOD_MATCH = YES;
				CODE_SIGN_IDENTITY = "iPhone Developer";
				COPY_PHASE_STRIP = NO;
				DEBUG_INFORMATION_FORMAT = dwarf;
				ENABLE_STRICT_OBJC_MSGSEND = YES;
				ENABLE_TESTABILITY = YES;
				GCC_C_LANGUAGE_STANDARD = gnu11;
				GCC_DYNAMIC_NO_PIC = NO;
				GCC_NO_COMMON_BLOCKS = YES;
				GCC_OPTIMIZATION_LEVEL = 0;
				GCC_PREPROCESSOR_DEFINITIONS = (
					"DEBUG=1",
					"$(inherited)",
				);
				GCC_WARN_64_TO_32_BIT_CONVERSION = YES;
				GCC_WARN_ABOUT_RETURN_TYPE = YES_ERROR;
				GCC_WARN_UNDECLARED_SELECTOR = YES;
				GCC_WARN_UNINITIALIZED_AUTOS = YES_AGGRESSIVE;
				GCC_WARN_UNUSED_FUNCTION = YES;
				GCC_WARN_UNUSED_VARIABLE = YES;
				IPHONEOS_DEPLOYMENT_TARGET = 11.2;
				MTL_ENABLE_DEBUG_INFO = YES;
				ONLY_ACTIVE_ARCH = YES;
				SDKROOT = iphoneos;
				SWIFT_ACTIVE_COMPILATION_CONDITIONS = DEBUG;
				SWIFT_OPTIMIZATION_LEVEL = "-Onone";
			};
			name = Debug;
		};
		FAA0026920421AAB00CE6FA7 /* Release */ = {
			isa = XCBuildConfiguration;
			buildSettings = {
				ALWAYS_SEARCH_USER_PATHS = NO;
				CLANG_ANALYZER_NONNULL = YES;
				CLANG_ANALYZER_NUMBER_OBJECT_CONVERSION = YES_AGGRESSIVE;
				CLANG_CXX_LANGUAGE_STANDARD = "gnu++14";
				CLANG_CXX_LIBRARY = "libc++";
				CLANG_ENABLE_MODULES = YES;
				CLANG_ENABLE_OBJC_ARC = YES;
				CLANG_WARN_BLOCK_CAPTURE_AUTORELEASING = YES;
				CLANG_WARN_BOOL_CONVERSION = YES;
				CLANG_WARN_COMMA = YES;
				CLANG_WARN_CONSTANT_CONVERSION = YES;
				CLANG_WARN_DIRECT_OBJC_ISA_USAGE = YES_ERROR;
				CLANG_WARN_DOCUMENTATION_COMMENTS = YES;
				CLANG_WARN_EMPTY_BODY = YES;
				CLANG_WARN_ENUM_CONVERSION = YES;
				CLANG_WARN_INFINITE_RECURSION = YES;
				CLANG_WARN_INT_CONVERSION = YES;
				CLANG_WARN_NON_LITERAL_NULL_CONVERSION = YES;
				CLANG_WARN_OBJC_LITERAL_CONVERSION = YES;
				CLANG_WARN_OBJC_ROOT_CLASS = YES_ERROR;
				CLANG_WARN_RANGE_LOOP_ANALYSIS = YES;
				CLANG_WARN_STRICT_PROTOTYPES = YES;
				CLANG_WARN_SUSPICIOUS_MOVE = YES;
				CLANG_WARN_UNGUARDED_AVAILABILITY = YES_AGGRESSIVE;
				CLANG_WARN_UNREACHABLE_CODE = YES;
				CLANG_WARN__DUPLICATE_METHOD_MATCH = YES;
				CODE_SIGN_IDENTITY = "iPhone Developer";
				COPY_PHASE_STRIP = NO;
				DEBUG_INFORMATION_FORMAT = "dwarf-with-dsym";
				ENABLE_NS_ASSERTIONS = NO;
				ENABLE_STRICT_OBJC_MSGSEND = YES;
				GCC_C_LANGUAGE_STANDARD = gnu11;
				GCC_NO_COMMON_BLOCKS = YES;
				GCC_WARN_64_TO_32_BIT_CONVERSION = YES;
				GCC_WARN_ABOUT_RETURN_TYPE = YES_ERROR;
				GCC_WARN_UNDECLARED_SELECTOR = YES;
				GCC_WARN_UNINITIALIZED_AUTOS = YES_AGGRESSIVE;
				GCC_WARN_UNUSED_FUNCTION = YES;
				GCC_WARN_UNUSED_VARIABLE = YES;
				IPHONEOS_DEPLOYMENT_TARGET = 11.2;
				MTL_ENABLE_DEBUG_INFO = NO;
				SDKROOT = iphoneos;
				SWIFT_OPTIMIZATION_LEVEL = "-Owholemodule";
				VALIDATE_PRODUCT = YES;
			};
			name = Release;
		};
		FAA0026B20421AAB00CE6FA7 /* Debug */ = {
			isa = XCBuildConfiguration;
			buildSettings = {
				ASSETCATALOG_COMPILER_APPICON_NAME = AppIcon;
				CODE_SIGN_STYLE = Automatic;
				DEVELOPMENT_TEAM = NQ2K4PL65M;
				INFOPLIST_FILE = Toolkit/Info.plist;
				IPHONEOS_DEPLOYMENT_TARGET = 10.2;
				LD_RUNPATH_SEARCH_PATHS = "$(inherited) @executable_path/Frameworks";
				PRODUCT_BUNDLE_IDENTIFIER = AM.Toolkit;
				PRODUCT_NAME = "$(TARGET_NAME)";
				SWIFT_VERSION = 4.0;
				TARGETED_DEVICE_FAMILY = "1,2";
			};
			name = Debug;
		};
		FAA0026C20421AAB00CE6FA7 /* Release */ = {
			isa = XCBuildConfiguration;
			buildSettings = {
				ASSETCATALOG_COMPILER_APPICON_NAME = AppIcon;
				CODE_SIGN_STYLE = Automatic;
				DEVELOPMENT_TEAM = NQ2K4PL65M;
				INFOPLIST_FILE = Toolkit/Info.plist;
				IPHONEOS_DEPLOYMENT_TARGET = 10.2;
				LD_RUNPATH_SEARCH_PATHS = "$(inherited) @executable_path/Frameworks";
				PRODUCT_BUNDLE_IDENTIFIER = AM.Toolkit;
				PRODUCT_NAME = "$(TARGET_NAME)";
				SWIFT_VERSION = 4.0;
				TARGETED_DEVICE_FAMILY = "1,2";
			};
			name = Release;
		};
/* End XCBuildConfiguration section */

/* Begin XCConfigurationList section */
		FAA0025120421AAB00CE6FA7 /* Build configuration list for PBXProject "Toolkit" */ = {
			isa = XCConfigurationList;
			buildConfigurations = (
				FAA0026820421AAB00CE6FA7 /* Debug */,
				FAA0026920421AAB00CE6FA7 /* Release */,
			);
			defaultConfigurationIsVisible = 0;
			defaultConfigurationName = Release;
		};
		FAA0026A20421AAB00CE6FA7 /* Build configuration list for PBXNativeTarget "Toolkit" */ = {
			isa = XCConfigurationList;
			buildConfigurations = (
				FAA0026B20421AAB00CE6FA7 /* Debug */,
				FAA0026C20421AAB00CE6FA7 /* Release */,
			);
			defaultConfigurationIsVisible = 0;
			defaultConfigurationName = Release;
		};
/* End XCConfigurationList section */
	};
	rootObject = FAA0024E20421AAB00CE6FA7 /* Project object */;
}
